
Microsoft Visual Studio Solution File, Format Version 12.00
# Visual Studio Version 17
VisualStudioVersion = 17.11.35327.3
MinimumVisualStudioVersion = 10.0.40219.1
Project("{FAE04EC0-301F-11D3-BF4B-00C04F79EFBC}") = "MauiAppHoteel", "MauiAppHoteel\MauiAppHoteel.csproj", "{99046C83-F765-40BF-BB9D-87074DD32B50}"
EndProject
Global
	GlobalSection(SolutionConfigurationPlatforms) = preSolution
		Debug|Any CPU = Debug|Any CPU
		Release|Any CPU = Release|Any CPU
	EndGlobalSection
	GlobalSection(ProjectConfigurationPlatforms) = postSolution
		{99046C83-F765-40BF-BB9D-87074DD32B50}.Debug|Any CPU.ActiveCfg = Debug|Any CPU
		{99046C83-F765-40BF-BB9D-87074DD32B50}.Debug|Any CPU.Build.0 = Debug|Any CPU
		{99046C83-F765-40BF-BB9D-87074DD32B50}.Debug|Any CPU.Deploy.0 = Debug|Any CPU
		{99046C83-F765-40BF-BB9D-87074DD32B50}.Release|Any CPU.ActiveCfg = Release|Any CPU
		{99046C83-F765-40BF-BB9D-87074DD32B50}.Release|Any CPU.Build.0 = Release|Any CPU
		{99046C83-F765-40BF-BB9D-87074DD32B50}.Release|Any CPU.Deploy.0 = Release|Any CPU
	EndGlobalSection
	GlobalSection(SolutionProperties) = preSolution
		HideSolutionNode = FALSE
	EndGlobalSection
	GlobalSection(ExtensibilityGlobals) = postSolution
		SolutionGuid = {DBFA4CD4-337F-4B51-A9CD-98C6CB41BC8A}
	EndGlobalSection
EndGlobal
